
Microsoft Visual Studio Solution File, Format Version 12.00
Project("{FAE04EC0-301F-11D3-BF4B-00C04F79EFBC}") = "PaymentsClient.WebUi", "PaymentsClient.WebUi\PaymentsClient.WebUi.csproj", "{0268DA12-E713-40E7-B53D-49DED15A47E0}"
EndProject
Project("{FAE04EC0-301F-11D3-BF4B-00C04F79EFBC}") = "PaymentsClient.Domain", "PaymentsClient.Domain\PaymentsClient.Domain.csproj", "{017F5A38-291A-4745-B23D-5B495087D6C8}"
EndProject
Project("{FAE04EC0-301F-11D3-BF4B-00C04F79EFBC}") = "PaymentsClient.Infrastructure.NagApiHttpClient", "PaymentsClient.Infrastructure.NagApiHttpClient\PaymentsClient.Infrastructure.NagApiHttpClient.csproj", "{F97E6DCC-7DF2-451E-9B65-93FE6C715293}"
EndProject
Project("{2150E333-8FDC-42A3-9474-1A3956D46DE8}") = "test", "test", "{85087D70-6E1A-4783-8DC7-C240C445F148}"
EndProject
Global
	GlobalSection(SolutionConfigurationPlatforms) = preSolution
		Debug|Any CPU = Debug|Any CPU
		Release|Any CPU = Release|Any CPU
	EndGlobalSection
	GlobalSection(ProjectConfigurationPlatforms) = postSolution
		{0268DA12-E713-40E7-B53D-49DED15A47E0}.Debug|Any CPU.ActiveCfg = Debug|Any CPU
		{0268DA12-E713-40E7-B53D-49DED15A47E0}.Debug|Any CPU.Build.0 = Debug|Any CPU
		{0268DA12-E713-40E7-B53D-49DED15A47E0}.Release|Any CPU.ActiveCfg = Release|Any CPU
		{0268DA12-E713-40E7-B53D-49DED15A47E0}.Release|Any CPU.Build.0 = Release|Any CPU
		{017F5A38-291A-4745-B23D-5B495087D6C8}.Debug|Any CPU.ActiveCfg = Debug|Any CPU
		{017F5A38-291A-4745-B23D-5B495087D6C8}.Debug|Any CPU.Build.0 = Debug|Any CPU
		{017F5A38-291A-4745-B23D-5B495087D6C8}.Release|Any CPU.ActiveCfg = Release|Any CPU
		{017F5A38-291A-4745-B23D-5B495087D6C8}.Release|Any CPU.Build.0 = Release|Any CPU
		{F97E6DCC-7DF2-451E-9B65-93FE6C715293}.Debug|Any CPU.ActiveCfg = Debug|Any CPU
		{F97E6DCC-7DF2-451E-9B65-93FE6C715293}.Debug|Any CPU.Build.0 = Debug|Any CPU
		{F97E6DCC-7DF2-451E-9B65-93FE6C715293}.Release|Any CPU.ActiveCfg = Release|Any CPU
		{F97E6DCC-7DF2-451E-9B65-93FE6C715293}.Release|Any CPU.Build.0 = Release|Any CPU
	EndGlobalSection
EndGlobal
